
Microsoft Visual Studio Solution File, Format Version 12.00
# Visual Studio Version 17
VisualStudioVersion = 17.7.34024.191
MinimumVisualStudioVersion = 10.0.40219.1
Project("{FAE04EC0-301F-11D3-BF4B-00C04F79EFBC}") = "Makaan", "Makaan.csproj", "{FD3DB5FF-C938-45F1-9F5A-54B7CB42D1FF}"
EndProject
Global
	GlobalSection(SolutionConfigurationPlatforms) = preSolution
		Debug|Any CPU = Debug|Any CPU
		Release|Any CPU = Release|Any CPU
	EndGlobalSection
	GlobalSection(ProjectConfigurationPlatforms) = postSolution
		{FD3DB5FF-C938-45F1-9F5A-54B7CB42D1FF}.Debug|Any CPU.ActiveCfg = Debug|Any CPU
		{FD3DB5FF-C938-45F1-9F5A-54B7CB42D1FF}.Debug|Any CPU.Build.0 = Debug|Any CPU
		{FD3DB5FF-C938-45F1-9F5A-54B7CB42D1FF}.Release|Any CPU.ActiveCfg = Release|Any CPU
		{FD3DB5FF-C938-45F1-9F5A-54B7CB42D1FF}.Release|Any CPU.Build.0 = Release|Any CPU
	EndGlobalSection
	GlobalSection(SolutionProperties) = preSolution
		HideSolutionNode = FALSE
	EndGlobalSection
	GlobalSection(ExtensibilityGlobals) = postSolution
		SolutionGuid = {B34F8B2A-EE18-47E8-84B0-FBC65F72EA52}
	EndGlobalSection
EndGlobal
